
Microsoft Visual Studio Solution File, Format Version 12.00
# Visual Studio Version 16
VisualStudioVersion = 16.0.31229.75
MinimumVisualStudioVersion = 10.0.40219.1
Project("{FAE04EC0-301F-11D3-BF4B-00C04F79EFBC}") = "Project", "Project\Project.csproj", "{F8346E87-403B-467B-95E6-A6D0B45D351C}"
EndProject
Project("{FAE04EC0-301F-11D3-BF4B-00C04F79EFBC}") = "Projectbat", "Projectbat\Projectbat.csproj", "{30891640-0E2D-4E10-88A2-BBD68F6DD71D}"
EndProject
Global
	GlobalSection(SolutionConfigurationPlatforms) = preSolution
		Debug|Any CPU = Debug|Any CPU
		Release|Any CPU = Release|Any CPU
	EndGlobalSection
	GlobalSection(ProjectConfigurationPlatforms) = postSolution
		{F8346E87-403B-467B-95E6-A6D0B45D351C}.Debug|Any CPU.ActiveCfg = Debug|Any CPU
		{F8346E87-403B-467B-95E6-A6D0B45D351C}.Debug|Any CPU.Build.0 = Debug|Any CPU
		{F8346E87-403B-467B-95E6-A6D0B45D351C}.Release|Any CPU.ActiveCfg = Release|Any CPU
		{F8346E87-403B-467B-95E6-A6D0B45D351C}.Release|Any CPU.Build.0 = Release|Any CPU
		{30891640-0E2D-4E10-88A2-BBD68F6DD71D}.Debug|Any CPU.ActiveCfg = Debug|Any CPU
		{30891640-0E2D-4E10-88A2-BBD68F6DD71D}.Debug|Any CPU.Build.0 = Debug|Any CPU
		{30891640-0E2D-4E10-88A2-BBD68F6DD71D}.Release|Any CPU.ActiveCfg = Release|Any CPU
		{30891640-0E2D-4E10-88A2-BBD68F6DD71D}.Release|Any CPU.Build.0 = Release|Any CPU
	EndGlobalSection
	GlobalSection(SolutionProperties) = preSolution
		HideSolutionNode = FALSE
	EndGlobalSection
	GlobalSection(ExtensibilityGlobals) = postSolution
		SolutionGuid = {000BB9EA-46C0-4E7A-A08D-7A0AB5942E37}
	EndGlobalSection
EndGlobal
